
Microsoft Visual Studio Solution File, Format Version 12.00
# Visual Studio Version 17
VisualStudioVersion = 17.9.34701.34
MinimumVisualStudioVersion = 10.0.40219.1
Project("{8BC9CEB8-8B4A-11D0-8D11-00A0C91BC942}") = "ActivityStruct", "ActivityStruct\ActivityStruct.vcxproj", "{03E43972-2BBC-4509-B5F6-DE8C5741244A}"
EndProject
Project("{8BC9CEB8-8B4A-11D0-8D11-00A0C91BC942}") = "Struct2", "Struct2\Struct2.vcxproj", "{0E1DD50F-EBE8-4B50-9475-E47B34401FE6}"
EndProject
Project("{8BC9CEB8-8B4A-11D0-8D11-00A0C91BC942}") = "Struct3", "Struct3\Struct3.vcxproj", "{CE73CD3D-399B-4C9C-BAB8-84F80158696F}"
EndProject
Project("{8BC9CEB8-8B4A-11D0-8D11-00A0C91BC942}") = "struct4", "struct4\struct4.vcxproj", "{154BBFBB-1B0C-4474-AAC1-478C4BB24BAD}"
EndProject
Global
	GlobalSection(SolutionConfigurationPlatforms) = preSolution
		Debug|x64 = Debug|x64
		Debug|x86 = Debug|x86
		Release|x64 = Release|x64
		Release|x86 = Release|x86
	EndGlobalSection
	GlobalSection(ProjectConfigurationPlatforms) = postSolution
		{03E43972-2BBC-4509-B5F6-DE8C5741244A}.Debug|x64.ActiveCfg = Debug|x64
		{03E43972-2BBC-4509-B5F6-DE8C5741244A}.Debug|x64.Build.0 = Debug|x64
		{03E43972-2BBC-4509-B5F6-DE8C5741244A}.Debug|x86.ActiveCfg = Debug|Win32
		{03E43972-2BBC-4509-B5F6-DE8C5741244A}.Debug|x86.Build.0 = Debug|Win32
		{03E43972-2BBC-4509-B5F6-DE8C5741244A}.Release|x64.ActiveCfg = Release|x64
		{03E43972-2BBC-4509-B5F6-DE8C5741244A}.Release|x64.Build.0 = Release|x64
		{03E43972-2BBC-4509-B5F6-DE8C5741244A}.Release|x86.ActiveCfg = Release|Win32
		{03E43972-2BBC-4509-B5F6-DE8C5741244A}.Release|x86.Build.0 = Release|Win32
		{0E1DD50F-EBE8-4B50-9475-E47B34401FE6}.Debug|x64.ActiveCfg = Debug|x64
		{0E1DD50F-EBE8-4B50-9475-E47B34401FE6}.Debug|x64.Build.0 = Debug|x64
		{0E1DD50F-EBE8-4B50-9475-E47B34401FE6}.Debug|x86.ActiveCfg = Debug|Win32
		{0E1DD50F-EBE8-4B50-9475-E47B34401FE6}.Debug|x86.Build.0 = Debug|Win32
		{0E1DD50F-EBE8-4B50-9475-E47B34401FE6}.Release|x64.ActiveCfg = Release|x64
		{0E1DD50F-EBE8-4B50-9475-E47B34401FE6}.Release|x64.Build.0 = Release|x64
		{0E1DD50F-EBE8-4B50-9475-E47B34401FE6}.Release|x86.ActiveCfg = Release|Win32
		{0E1DD50F-EBE8-4B50-9475-E47B34401FE6}.Release|x86.Build.0 = Release|Win32
		{CE73CD3D-399B-4C9C-BAB8-84F80158696F}.Debug|x64.ActiveCfg = Debug|x64
		{CE73CD3D-399B-4C9C-BAB8-84F80158696F}.Debug|x64.Build.0 = Debug|x64
		{CE73CD3D-399B-4C9C-BAB8-84F80158696F}.Debug|x86.ActiveCfg = Debug|Win32
		{CE73CD3D-399B-4C9C-BAB8-84F80158696F}.Debug|x86.Build.0 = Debug|Win32
		{CE73CD3D-399B-4C9C-BAB8-84F80158696F}.Release|x64.ActiveCfg = Release|x64
		{CE73CD3D-399B-4C9C-BAB8-84F80158696F}.Release|x64.Build.0 = Release|x64
		{CE73CD3D-399B-4C9C-BAB8-84F80158696F}.Release|x86.ActiveCfg = Release|Win32
		{CE73CD3D-399B-4C9C-BAB8-84F80158696F}.Release|x86.Build.0 = Release|Win32
		{154BBFBB-1B0C-4474-AAC1-478C4BB24BAD}.Debug|x64.ActiveCfg = Debug|x64
		{154BBFBB-1B0C-4474-AAC1-478C4BB24BAD}.Debug|x64.Build.0 = Debug|x64
		{154BBFBB-1B0C-4474-AAC1-478C4BB24BAD}.Debug|x86.ActiveCfg = Debug|Win32
		{154BBFBB-1B0C-4474-AAC1-478C4BB24BAD}.Debug|x86.Build.0 = Debug|Win32
		{154BBFBB-1B0C-4474-AAC1-478C4BB24BAD}.Release|x64.ActiveCfg = Release|x64
		{154BBFBB-1B0C-4474-AAC1-478C4BB24BAD}.Release|x64.Build.0 = Release|x64
		{154BBFBB-1B0C-4474-AAC1-478C4BB24BAD}.Release|x86.ActiveCfg = Release|Win32
		{154BBFBB-1B0C-4474-AAC1-478C4BB24BAD}.Release|x86.Build.0 = Release|Win32
	EndGlobalSection
	GlobalSection(SolutionProperties) = preSolution
		HideSolutionNode = FALSE
	EndGlobalSection
	GlobalSection(ExtensibilityGlobals) = postSolution
		SolutionGuid = {3FF74E57-42D9-46FD-931C-55B42FBFAEDF}
	EndGlobalSection
EndGlobal
